{
  "name": "triple-m",
  "version": "0.1.1",
  "lockfileVersion": 3,
  "requires": true,
  "packages": {
    "": {
      "name": "triple-m",
      "version": "0.1.1",
      "license": "Apache-2.0",
      "bin": {
        "mmmc": "bin/mmmc"
      },
      "devDependencies": {
        "@types/node": "^18.16.1",
        "typescript": "^5.0.4"
      }
    },
    "node_modules/@types/node": {
      "version": "18.17.15",
      "resolved": "https://registry.npmjs.org/@types/node/-/node-18.17.15.tgz",
      "integrity": "sha512-2yrWpBk32tvV/JAd3HNHWuZn/VDN1P+72hWirHnvsvTGSqbANi+kSeuQR9yAHnbvaBvHDsoTdXV0Fe+iRtHLKA==",
      "dev": true
    },
    "node_modules/typescript": {
      "version": "5.2.2",
      "resolved": "https://registry.npmjs.org/typescript/-/typescript-5.2.2.tgz",
      "integrity": "sha512-mI4WrpHsbCIcwT9cF4FZvr80QUeKvsUsUvKDoR+X/7XHQH98xYD8YHZg7ANtz2GtZt/CBq2QJ0thkGJMHfqc1w==",
      "dev": true,
      "bin": {
        "tsc": "bin/tsc",
        "tsserver": "bin/tsserver"
      },
      "engines": {
        "node": ">=14.17"
      }
    }
  }
}
